// !$*UTF8*$!
{
	archiveVersion = 1;
	classes = {
	};
	objectVersion = 46;
	objects = {

/* Begin PBXBuildFile section */
		8F383C3C1C2E47430019669E /* AppDelegate.swift in Sources */ = {isa = PBXBuildFile; fileRef = 8F383C3B1C2E47430019669E /* AppDelegate.swift */; };
		8F383C3E1C2E47430019669E /* art.scnassets in Resources */ = {isa = PBXBuildFile; fileRef = 8F383C3D1C2E47430019669E /* art.scnassets */; };
		8F383C401C2E47430019669E /* GameScene.swift in Sources */ = {isa = PBXBuildFile; fileRef = 8F383C3F1C2E47430019669E /* GameScene.swift */; };
		8F383C431C2E47430019669E /* Main.storyboard in Resources */ = {isa = PBXBuildFile; fileRef = 8F383C411C2E47430019669E /* Main.storyboard */; };
		8F383C451C2E47430019669E /* Assets.xcassets in Resources */ = {isa = PBXBuildFile; fileRef = 8F383C441C2E47430019669E /* Assets.xcassets */; };
		8F383C481C2E47430019669E /* LaunchScreen.storyboard in Resources */ = {isa = PBXBuildFile; fileRef = 8F383C461C2E47430019669E /* LaunchScreen.storyboard */; };
		8F383C531C2E47430019669E /* ChotchyDotTests.swift in Sources */ = {isa = PBXBuildFile; fileRef = 8F383C521C2E47430019669E /* ChotchyDotTests.swift */; };
		8F383C5E1C2E47430019669E /* ChotchyDotUITests.swift in Sources */ = {isa = PBXBuildFile; fileRef = 8F383C5D1C2E47430019669E /* ChotchyDotUITests.swift */; };
		8F383C6C1C2E47B80019669E /* ViewController.swift in Sources */ = {isa = PBXBuildFile; fileRef = 8F383C6B1C2E47B80019669E /* ViewController.swift */; };
/* End PBXBuildFile section */

/* Begin PBXContainerItemProxy section */
		8F383C4F1C2E47430019669E /* PBXContainerItemProxy */ = {
			isa = PBXContainerItemProxy;
			containerPortal = 8F383C301C2E47430019669E /* Project object */;
			proxyType = 1;
			remoteGlobalIDString = 8F383C371C2E47430019669E;
			remoteInfo = ChotchyDot;
		};
		8F383C5A1C2E47430019669E /* PBXContainerItemProxy */ = {
			isa = PBXContainerItemProxy;
			containerPortal = 8F383C301C2E47430019669E /* Project object */;
			proxyType = 1;
			remoteGlobalIDString = 8F383C371C2E47430019669E;
			remoteInfo = ChotchyDot;
		};
/* End PBXContainerItemProxy section */

/* Begin PBXFileReference section */
		8F383C381C2E47430019669E /* ChotchyDot.app */ = {isa = PBXFileReference; explicitFileType = wrapper.application; includeInIndex = 0; path = ChotchyDot.app; sourceTree = BUILT_PRODUCTS_DIR; };
		8F383C3B1C2E47430019669E /* AppDelegate.swift */ = {isa = PBXFileReference; lastKnownFileType = sourcecode.swift; path = AppDelegate.swift; sourceTree = "<group>"; };
		8F383C3D1C2E47430019669E /* art.scnassets */ = {isa = PBXFileReference; lastKnownFileType = wrapper.scnassets; path = art.scnassets; sourceTree = "<group>"; };
		8F383C3F1C2E47430019669E /* GameScene.swift */ = {isa = PBXFileReference; lastKnownFileType = sourcecode.swift; path = GameScene.swift; sourceTree = "<group>"; };
		8F383C421C2E47430019669E /* Base */ = {isa = PBXFileReference; lastKnownFileType = file.storyboard; name = Base; path = Base.lproj/Main.storyboard; sourceTree = "<group>"; };
		8F383C441C2E47430019669E /* Assets.xcassets */ = {isa = PBXFileReference; lastKnownFileType = folder.assetcatalog; path = Assets.xcassets; sourceTree = "<group>"; };
		8F383C471C2E47430019669E /* Base */ = {isa = PBXFileReference; lastKnownFileType = file.storyboard; name = Base; path = Base.lproj/LaunchScreen.storyboard; sourceTree = "<group>"; };
		8F383C491C2E47430019669E /* Info.plist */ = {isa = PBXFileReference; lastKnownFileType = text.plist.xml; path = Info.plist; sourceTree = "<group>"; };
		8F383C4E1C2E47430019669E /* ChotchyDotTests.xctest */ = {isa = PBXFileReference; explicitFileType = wrapper.cfbundle; includeInIndex = 0; path = ChotchyDotTests.xctest; sourceTree = BUILT_PRODUCTS_DIR; };
		8F383C521C2E47430019669E /* ChotchyDotTests.swift */ = {isa = PBXFileReference; lastKnownFileType = sourcecode.swift; path = ChotchyDotTests.swift; sourceTree = "<group>"; };
		8F383C541C2E47430019669E /* Info.plist */ = {isa = PBXFileReference; lastKnownFileType = text.plist.xml; path = Info.plist; sourceTree = "<group>"; };
		8F383C591C2E47430019669E /* ChotchyDotUITests.xctest */ = {isa = PBXFileReference; explicitFileType = wrapper.cfbundle; includeInIndex = 0; path = ChotchyDotUITests.xctest; sourceTree = BUILT_PRODUCTS_DIR; };
		8F383C5D1C2E47430019669E /* ChotchyDotUITests.swift */ = {isa = PBXFileReference; lastKnownFileType = sourcecode.swift; path = ChotchyDotUITests.swift; sourceTree = "<group>"; };
		8F383C5F1C2E47430019669E /* Info.plist */ = {isa = PBXFileReference; lastKnownFileType = text.plist.xml; path = Info.plist; sourceTree = "<group>"; };
		8F383C6B1C2E47B80019669E /* ViewController.swift */ = {isa = PBXFileReference; fileEncoding = 4; lastKnownFileType = sourcecode.swift; path = ViewController.swift; sourceTree = "<group>"; };
/* End PBXFileReference section */

/* Begin PBXFrameworksBuildPhase section */
		8F383C351C2E47430019669E /* Frameworks */ = {
			isa = PBXFrameworksBuildPhase;
			buildActionMask = 2147483647;
			files = (
			);
			runOnlyForDeploymentPostprocessing = 0;
		};
		8F383C4B1C2E47430019669E /* Frameworks */ = {
			isa = PBXFrameworksBuildPhase;
			buildActionMask = 2147483647;
			files = (
			);
			runOnlyForDeploymentPostprocessing = 0;
		};
		8F383C561C2E47430019669E /* Frameworks */ = {
			isa = PBXFrameworksBuildPhase;
			buildActionMask = 2147483647;
			files = (
			);
			runOnlyForDeploymentPostprocessing = 0;
		};
/* End PBXFrameworksBuildPhase section */

/* Begin PBXGroup section */
		8F383C2F1C2E47430019669E = {
			isa = PBXGroup;
			children = (
				8F383C3A1C2E47430019669E /* ChotchyDot */,
				8F383C511C2E47430019669E /* ChotchyDotTests */,
				8F383C5C1C2E47430019669E /* ChotchyDotUITests */,
				8F383C391C2E47430019669E /* Products */,
			);
			sourceTree = "<group>";
		};
		8F383C391C2E47430019669E /* Products */ = {
			isa = PBXGroup;
			children = (
				8F383C381C2E47430019669E /* ChotchyDot.app */,
				8F383C4E1C2E47430019669E /* ChotchyDotTests.xctest */,
				8F383C591C2E47430019669E /* ChotchyDotUITests.xctest */,
			);
			name = Products;
			sourceTree = "<group>";
		};
		8F383C3A1C2E47430019669E /* ChotchyDot */ = {
			isa = PBXGroup;
			children = (
				8F383C3B1C2E47430019669E /* AppDelegate.swift */,
				8F383C3D1C2E47430019669E /* art.scnassets */,
				8F383C3F1C2E47430019669E /* GameScene.swift */,
				8F383C411C2E47430019669E /* Main.storyboard */,
				8F383C6B1C2E47B80019669E /* ViewController.swift */,
				8F383C441C2E47430019669E /* Assets.xcassets */,
				8F383C461C2E47430019669E /* LaunchScreen.storyboard */,
				8F383C491C2E47430019669E /* Info.plist */,
			);
			path = ChotchyDot;
			sourceTree = "<group>";
		};
		8F383C511C2E47430019669E /* ChotchyDotTests */ = {
			isa = PBXGroup;
			children = (
				8F383C521C2E47430019669E /* ChotchyDotTests.swift */,
				8F383C541C2E47430019669E /* Info.plist */,
			);
			path = ChotchyDotTests;
			sourceTree = "<group>";
		};
		8F383C5C1C2E47430019669E /* ChotchyDotUITests */ = {
			isa = PBXGroup;
			children = (
				8F383C5D1C2E47430019669E /* ChotchyDotUITests.swift */,
				8F383C5F1C2E47430019669E /* Info.plist */,
			);
			path = ChotchyDotUITests;
			sourceTree = "<group>";
		};
/* End PBXGroup section */

/* Begin PBXNativeTarget section */
		8F383C371C2E47430019669E /* ChotchyDot */ = {
			isa = PBXNativeTarget;
			buildConfigurationList = 8F383C621C2E47430019669E /* Build configuration list for PBXNativeTarget "ChotchyDot" */;
			buildPhases = (
				8F383C341C2E47430019669E /* Sources */,
				8F383C351C2E47430019669E /* Frameworks */,
				8F383C361C2E47430019669E /* Resources */,
			);
			buildRules = (
			);
			dependencies = (
			);
			name = ChotchyDot;
			productName = ChotchyDot;
			productReference = 8F383C381C2E47430019669E /* ChotchyDot.app */;
			productType = "com.apple.product-type.application";
		};
		8F383C4D1C2E47430019669E /* ChotchyDotTests */ = {
			isa = PBXNativeTarget;
			buildConfigurationList = 8F383C651C2E47430019669E /* Build configuration list for PBXNativeTarget "ChotchyDotTests" */;
			buildPhases = (
				8F383C4A1C2E47430019669E /* Sources */,
				8F383C4B1C2E47430019669E /* Frameworks */,
				8F383C4C1C2E47430019669E /* Resources */,
			);
			buildRules = (
			);
			dependencies = (
				8F383C501C2E47430019669E /* PBXTargetDependency */,
			);
			name = ChotchyDotTests;
			productName = ChotchyDotTests;
			productReference = 8F383C4E1C2E47430019669E /* ChotchyDotTests.xctest */;
			productType = "com.apple.product-type.bundle.unit-test";
		};
		8F383C581C2E47430019669E /* ChotchyDotUITests */ = {
			isa = PBXNativeTarget;
			buildConfigurationList = 8F383C681C2E47430019669E /* Build configuration list for PBXNativeTarget "ChotchyDotUITests" */;
			buildPhases = (
				8F383C551C2E47430019669E /* Sources */,
				8F383C561C2E47430019669E /* Frameworks */,
				8F383C571C2E47430019669E /* Resources */,
			);
			buildRules = (
			);
			dependencies = (
				8F383C5B1C2E47430019669E /* PBXTargetDependency */,
			);
			name = ChotchyDotUITests;
			productName = ChotchyDotUITests;
			productReference = 8F383C591C2E47430019669E /* ChotchyDotUITests.xctest */;
			productType = "com.apple.product-type.bundle.ui-testing";
		};
/* End PBXNativeTarget section */

/* Begin PBXProject section */
		8F383C301C2E47430019669E /* Project object */ = {
			isa = PBXProject;
			attributes = {
				LastSwiftUpdateCheck = 0720;
				LastUpgradeCheck = 0720;
				ORGANIZATIONNAME = "冨平準喜";
				TargetAttributes = {
					8F383C371C2E47430019669E = {
						CreatedOnToolsVersion = 7.2;
						DevelopmentTeam = J6246ZXP2D;
					};
					8F383C4D1C2E47430019669E = {
						CreatedOnToolsVersion = 7.2;
						TestTargetID = 8F383C371C2E47430019669E;
					};
					8F383C581C2E47430019669E = {
						CreatedOnToolsVersion = 7.2;
						TestTargetID = 8F383C371C2E47430019669E;
					};
				};
			};
			buildConfigurationList = 8F383C331C2E47430019669E /* Build configuration list for PBXProject "ChotchyDot" */;
			compatibilityVersion = "Xcode 3.2";
			developmentRegion = English;
			hasScannedForEncodings = 0;
			knownRegions = (
				en,
				Base,
			);
			mainGroup = 8F383C2F1C2E47430019669E;
			productRefGroup = 8F383C391C2E47430019669E /* Products */;
			projectDirPath = "";
			projectRoot = "";
			targets = (
				8F383C371C2E47430019669E /* ChotchyDot */,
				8F383C4D1C2E47430019669E /* ChotchyDotTests */,
				8F383C581C2E47430019669E /* ChotchyDotUITests */,
			);
		};
/* End PBXProject section */

/* Begin PBXResourcesBuildPhase section */
		8F383C361C2E47430019669E /* Resources */ = {
			isa = PBXResourcesBuildPhase;
			buildActionMask = 2147483647;
			files = (
				8F383C3E1C2E47430019669E /* art.scnassets in Resources */,
				8F383C481C2E47430019669E /* LaunchScreen.storyboard in Resources */,
				8F383C451C2E47430019669E /* Assets.xcassets in Resources */,
				8F383C431C2E47430019669E /* Main.storyboard in Resources */,
			);
			runOnlyForDeploymentPostprocessing = 0;
		};
		8F383C4C1C2E47430019669E /* Resources */ = {
			isa = PBXResourcesBuildPhase;
			buildActionMask = 2147483647;
			files = (
			);
			runOnlyForDeploymentPostprocessing = 0;
		};
		8F383C571C2E47430019669E /* Resources */ = {
			isa = PBXResourcesBuildPhase;
			buildActionMask = 2147483647;
			files = (
			);
			runOnlyForDeploymentPostprocessing = 0;
		};
/* End PBXResourcesBuildPhase section */

/* Begin PBXSourcesBuildPhase section */
		8F383C341C2E47430019669E /* Sources */ = {
			isa = PBXSourcesBuildPhase;
			buildActionMask = 2147483647;
			files = (
				8F383C6C1C2E47B80019669E /* ViewController.swift in Sources */,
				8F383C401C2E47430019669E /* GameScene.swift in Sources */,
				8F383C3C1C2E47430019669E /* AppDelegate.swift in Sources */,
			);
			runOnlyForDeploymentPostprocessing = 0;
		};
		8F383C4A1C2E47430019669E /* Sources */ = {
			isa = PBXSourcesBuildPhase;
			buildActionMask = 2147483647;
			files = (
				8F383C531C2E47430019669E /* ChotchyDotTests.swift in Sources */,
			);
			runOnlyForDeploymentPostprocessing = 0;
		};
		8F383C551C2E47430019669E /* Sources */ = {
			isa = PBXSourcesBuildPhase;
			buildActionMask = 2147483647;
			files = (
				8F383C5E1C2E47430019669E /* ChotchyDotUITests.swift in Sources */,
			);
			runOnlyForDeploymentPostprocessing = 0;
		};
/* End PBXSourcesBuildPhase section */

/* Begin PBXTargetDependency section */
		8F383C501C2E47430019669E /* PBXTargetDependency */ = {
			isa = PBXTargetDependency;
			target = 8F383C371C2E47430019669E /* ChotchyDot */;
			targetProxy = 8F383C4F1C2E47430019669E /* PBXContainerItemProxy */;
		};
		8F383C5B1C2E47430019669E /* PBXTargetDependency */ = {
			isa = PBXTargetDependency;
			target = 8F383C371C2E47430019669E /* ChotchyDot */;
			targetProxy = 8F383C5A1C2E47430019669E /* PBXContainerItemProxy */;
		};
/* End PBXTargetDependency section */

/* Begin PBXVariantGroup section */
		8F383C411C2E47430019669E /* Main.storyboard */ = {
			isa = PBXVariantGroup;
			children = (
				8F383C421C2E47430019669E /* Base */,
			);
			name = Main.storyboard;
			sourceTree = "<group>";
		};
		8F383C461C2E47430019669E /* LaunchScreen.storyboard */ = {
			isa = PBXVariantGroup;
			children = (
				8F383C471C2E47430019669E /* Base */,
			);
			name = LaunchScreen.storyboard;
			sourceTree = "<group>";
		};
/* End PBXVariantGroup section */

/* Begin XCBuildConfiguration section */
		8F383C601C2E47430019669E /* Debug */ = {
			isa = XCBuildConfiguration;
			buildSettings = {
				ALWAYS_SEARCH_USER_PATHS = NO;
				CLANG_CXX_LANGUAGE_STANDARD = "gnu++0x";
				CLANG_CXX_LIBRARY = "libc++";
				CLANG_ENABLE_MODULES = YES;
				CLANG_ENABLE_OBJC_ARC = YES;
				CLANG_WARN_BOOL_CONVERSION = YES;
				CLANG_WARN_CONSTANT_CONVERSION = YES;
				CLANG_WARN_DIRECT_OBJC_ISA_USAGE = YES_ERROR;
				CLANG_WARN_EMPTY_BODY = YES;
				CLANG_WARN_ENUM_CONVERSION = YES;
				CLANG_WARN_INT_CONVERSION = YES;
				CLANG_WARN_OBJC_ROOT_CLASS = YES_ERROR;
				CLANG_WARN_UNREACHABLE_CODE = YES;
				CLANG_WARN__DUPLICATE_METHOD_MATCH = YES;
				"CODE_SIGN_IDENTITY[sdk=iphoneos*]" = "iPhone Developer";
				COPY_PHASE_STRIP = NO;
				DEBUG_INFORMATION_FORMAT = "dwarf-with-dsym";
				ENABLE_STRICT_OBJC_MSGSEND = YES;
				ENABLE_TESTABILITY = YES;
				GCC_C_LANGUAGE_STANDARD = gnu99;
				GCC_DYNAMIC_NO_PIC = NO;
				GCC_NO_COMMON_BLOCKS = YES;
				GCC_OPTIMIZATION_LEVEL = 0;
				GCC_PREPROCESSOR_DEFINITIONS = (
					"DEBUG=1",
					"$(inherited)",
				);
				GCC_WARN_64_TO_32_BIT_CONVERSION = YES;
				GCC_WARN_ABOUT_RETURN_TYPE = YES_ERROR;
				GCC_WARN_UNDECLARED_SELECTOR = YES;
				GCC_WARN_UNINITIALIZED_AUTOS = YES_AGGRESSIVE;
				GCC_WARN_UNUSED_FUNCTION = YES;
				GCC_WARN_UNUSED_VARIABLE = YES;
				IPHONEOS_DEPLOYMENT_TARGET = 9.2;
				MTL_ENABLE_DEBUG_INFO = YES;
				ONLY_ACTIVE_ARCH = YES;
				SDKROOT = iphoneos;
				SWIFT_OPTIMIZATION_LEVEL = "-Onone";
			};
			name = Debug;
		};
		8F383C611C2E47430019669E /* Release */ = {
			isa = XCBuildConfiguration;
			buildSettings = {
				ALWAYS_SEARCH_USER_PATHS = NO;
				CLANG_CXX_LANGUAGE_STANDARD = "gnu++0x";
				CLANG_CXX_LIBRARY = "libc++";
				CLANG_ENABLE_MODULES = YES;
				CLANG_ENABLE_OBJC_ARC = YES;
				CLANG_WARN_BOOL_CONVERSION = YES;
				CLANG_WARN_CONSTANT_CONVERSION = YES;
				CLANG_WARN_DIRECT_OBJC_ISA_USAGE = YES_ERROR;
				CLANG_WARN_EMPTY_BODY = YES;
				CLANG_WARN_ENUM_CONVERSION = YES;
				CLANG_WARN_INT_CONVERSION = YES;
				CLANG_WARN_OBJC_ROOT_CLASS = YES_ERROR;
				CLANG_WARN_UNREACHABLE_CODE = YES;
				CLANG_WARN__DUPLICATE_METHOD_MATCH = YES;
				"CODE_SIGN_IDENTITY[sdk=iphoneos*]" = "iPhone Developer";
				COPY_PHASE_STRIP = NO;
				DEBUG_INFORMATION_FORMAT = "dwarf-with-dsym";
				ENABLE_NS_ASSERTIONS = NO;
				ENABLE_STRICT_OBJC_MSGSEND = YES;
				GCC_C_LANGUAGE_STANDARD = gnu99;
				GCC_NO_COMMON_BLOCKS = YES;
				GCC_WARN_64_TO_32_BIT_CONVERSION = YES;
				GCC_WARN_ABOUT_RETURN_TYPE = YES_ERROR;
				GCC_WARN_UNDECLARED_SELECTOR = YES;
				GCC_WARN_UNINITIALIZED_AUTOS = YES_AGGRESSIVE;
				GCC_WARN_UNUSED_FUNCTION = YES;
				GCC_WARN_UNUSED_VARIABLE = YES;
				IPHONEOS_DEPLOYMENT_TARGET = 9.2;
				MTL_ENABLE_DEBUG_INFO = NO;
				SDKROOT = iphoneos;
				VALIDATE_PRODUCT = YES;
			};
			name = Release;
		};
		8F383C631C2E47430019669E /* Debug */ = {
			isa = XCBuildConfiguration;
			buildSettings = {
				ASSETCATALOG_COMPILER_APPICON_NAME = AppIcon;
				CODE_SIGN_IDENTITY = "iPhone Developer";
				INFOPLIST_FILE = ChotchyDot/Info.plist;
				IPHONEOS_DEPLOYMENT_TARGET = 9.0;
				LD_RUNPATH_SEARCH_PATHS = "$(inherited) @executable_path/Frameworks";
				PRODUCT_BUNDLE_IDENTIFIER = com.toshiki.ChotchyDot;
				PRODUCT_NAME = "$(TARGET_NAME)";
			};
			name = Debug;
		};
		8F383C641C2E47430019669E /* Release */ = {
			isa = XCBuildConfiguration;
			buildSettings = {
				ASSETCATALOG_COMPILER_APPICON_NAME = AppIcon;
				CODE_SIGN_IDENTITY = "iPhone Developer";
				INFOPLIST_FILE = ChotchyDot/Info.plist;
				IPHONEOS_DEPLOYMENT_TARGET = 9.0;
				LD_RUNPATH_SEARCH_PATHS = "$(inherited) @executable_path/Frameworks";
				PRODUCT_BUNDLE_IDENTIFIER = com.toshiki.ChotchyDot;
				PRODUCT_NAME = "$(TARGET_NAME)";
			};
			name = Release;
		};
		8F383C661C2E47430019669E /* Debug */ = {
			isa = XCBuildConfiguration;
			buildSettings = {
				BUNDLE_LOADER = "$(TEST_HOST)";
				DEBUG_INFORMATION_FORMAT = dwarf;
				INFOPLIST_FILE = ChotchyDotTests/Info.plist;
				LD_RUNPATH_SEARCH_PATHS = "$(inherited) @executable_path/Frameworks @loader_path/Frameworks";
				PRODUCT_BUNDLE_IDENTIFIER = com.toshiki.ChotchyDotTests;
				PRODUCT_NAME = "$(TARGET_NAME)";
				TEST_HOST = "$(BUILT_PRODUCTS_DIR)/ChotchyDot.app/ChotchyDot";
			};
			name = Debug;
		};
		8F383C671C2E47430019669E /* Release */ = {
			isa = XCBuildConfiguration;
			buildSettings = {
				BUNDLE_LOADER = "$(TEST_HOST)";
				INFOPLIST_FILE = ChotchyDotTests/Info.plist;
				LD_RUNPATH_SEARCH_PATHS = "$(inherited) @executable_path/Frameworks @loader_path/Frameworks";
				PRODUCT_BUNDLE_IDENTIFIER = com.toshiki.ChotchyDotTests;
				PRODUCT_NAME = "$(TARGET_NAME)";
				TEST_HOST = "$(BUILT_PRODUCTS_DIR)/ChotchyDot.app/ChotchyDot";
			};
			name = Release;
		};
		8F383C691C2E47430019669E /* Debug */ = {
			isa = XCBuildConfiguration;
			buildSettings = {
				DEBUG_INFORMATION_FORMAT = dwarf;
				INFOPLIST_FILE = ChotchyDotUITests/Info.plist;
				LD_RUNPATH_SEARCH_PATHS = "$(inherited) @executable_path/Frameworks @loader_path/Frameworks";
				PRODUCT_BUNDLE_IDENTIFIER = com.toshiki.ChotchyDotUITests;
				PRODUCT_NAME = "$(TARGET_NAME)";
				TEST_TARGET_NAME = ChotchyDot;
				USES_XCTRUNNER = YES;
			};
			name = Debug;
		};
		8F383C6A1C2E47430019669E /* Release */ = {
			isa = XCBuildConfiguration;
			buildSettings = {
				INFOPLIST_FILE = ChotchyDotUITests/Info.plist;
				LD_RUNPATH_SEARCH_PATHS = "$(inherited) @executable_path/Frameworks @loader_path/Frameworks";
				PRODUCT_BUNDLE_IDENTIFIER = com.toshiki.ChotchyDotUITests;
				PRODUCT_NAME = "$(TARGET_NAME)";
				TEST_TARGET_NAME = ChotchyDot;
				USES_XCTRUNNER = YES;
			};
			name = Release;
		};
/* End XCBuildConfiguration section */

/* Begin XCConfigurationList section */
		8F383C331C2E47430019669E /* Build configuration list for PBXProject "ChotchyDot" */ = {
			isa = XCConfigurationList;
			buildConfigurations = (
				8F383C601C2E47430019669E /* Debug */,
				8F383C611C2E47430019669E /* Release */,
			);
			defaultConfigurationIsVisible = 0;
			defaultConfigurationName = Release;
		};
		8F383C621C2E47430019669E /* Build configuration list for PBXNativeTarget "ChotchyDot" */ = {
			isa = XCConfigurationList;
			buildConfigurations = (
				8F383C631C2E47430019669E /* Debug */,
				8F383C641C2E47430019669E /* Release */,
			);
			defaultConfigurationIsVisible = 0;
		};
		8F383C651C2E47430019669E /* Build configuration list for PBXNativeTarget "ChotchyDotTests" */ = {
			isa = XCConfigurationList;
			buildConfigurations = (
				8F383C661C2E47430019669E /* Debug */,
				8F383C671C2E47430019669E /* Release */,
			);
			defaultConfigurationIsVisible = 0;
		};
		8F383C681C2E47430019669E /* Build configuration list for PBXNativeTarget "ChotchyDotUITests" */ = {
			isa = XCConfigurationList;
			buildConfigurations = (
				8F383C691C2E47430019669E /* Debug */,
				8F383C6A1C2E47430019669E /* Release */,
			);
			defaultConfigurationIsVisible = 0;
		};
/* End XCConfigurationList section */
	};
	rootObject = 8F383C301C2E47430019669E /* Project object */;
}
